lockfileVersion: '9.0'

settings:
  autoInstallPeers: true
  excludeLinksFromLockfile: false

importers:

  .:
    dependencies:
      fast-plist:
        specifier: ^0.1.3
        version: 0.1.3
    devDependencies:
      '@types/follow-redirects':
        specifier: ^1.14.4
        version: 1.14.4
      '@types/node':
        specifier: ^22.10.2
        version: 22.19.1
      follow-redirects:
        specifier: ^1.15.11
        version: 1.15.11
      tsdown:
        specifier: ^0.20.0-beta.1
        version: 0.20.0-beta.1(typescript@5.9.3)
      typescript:
        specifier: ^5.9.3
        version: 5.9.3
      vite:
        specifier: ^8.0.0
        version: 8.1.5(@types/node@22.19.1)

packages:

  '@babel/generator@7.28.6':
    resolution: {integrity: sha512-lOoVRwADj8hjf7al89tvQ2a1lf53Z+7tiXMgpZJL3maQPDxh0DgLMN62B2MKUOFcoodBHLMbDM6WAbKgNy5Suw==}
    engines: {node: '>=6.9.0'}

  '@babel/helper-string-parser@7.27.1':
    resolution: {integrity: sha512-qMlSxKbpRlAridDExk92nSobyDdpPijUq2DW6oDnUqd0iOGxmQjyqhMIihI9+zv4LPyZdRje2cavWPbCbWm3eA==}
    engines: {node: '>=6.9.0'}

  '@babel/helper-validator-identifier@7.28.5':
    resolution: {integrity: sha512-qSs4ifwzKJSV39ucNjsvc6WVHs6b7S03sOh2OcHF9UHfVPqWWALUsNUVzhSBiItjRZoLHx7nIarVjqKVusUZ1Q==}
    engines: {node: '>=6.9.0'}

  '@babel/parser@7.28.6':
    resolution: {integrity: sha512-TeR9zWR18BvbfPmGbLampPMW+uW1NZnJlRuuHso8i87QZNq2JRF9i6RgxRqtEq+wQGsS19NNTWr2duhnE49mfQ==}
    engines: {node: '>=6.0.0'}
    hasBin: true

  '@babel/types@7.28.6':
    resolution: {integrity: sha512-0ZrskXVEHSWIqZM/sQZ4EV3jZJXRkio/WCxaqKZP1g//CEWEPSfeZFcms4XeKBCHU0ZKnIkdJeU/kF+eRp5lBg==}
    engines: {node: '>=6.9.0'}

  '@emnapi/core@1.11.1':
    resolution: {integrity: sha512-RSvbQmHzdKzNsLYa/wHrbc3KN4sYLKAdPZxqiM2HATqv/SBk2/ENSHpvXGaLOMcsAyz0poEGqkmmKYG3OWiJEQ==}

  '@emnapi/core@1.7.1':
    resolution: {integrity: sha512-o1uhUASyo921r2XtHYOHy7gdkGLge8ghBEQHMWmyJFoXlpU58kIrhhN3w26lpQb6dspetweapMn2CSNwQ8I4wg==}

  '@emnapi/runtime@1.11.1':
    resolution: {integrity: sha512-vgj7R3y3Wgx24IQaGPA/R6YFXLHVMOZ0uVEyIQPaWs+rd1AzfEMXlAC22FYwO1XkKR6NPsq7mUandH8oIRdZFw==}

  '@emnapi/runtime@1.7.1':
    resolution: {integrity: sha512-PVtJr5CmLwYAU9PZDMITZoR5iAOShYREoR45EyyLrbntV50mdePTgUn4AmOw90Ifcj+x2kRjdzr1HP3RrNiHGA==}

  '@emnapi/wasi-threads@1.1.0':
    resolution: {integrity: sha512-WI0DdZ8xFSbgMjR1sFsKABJ/C5OnRrjT06JXbZKexJGrDuPTzZdDYfFlsgcCXCyf+suG5QU2e/y1Wo2V/OapLQ==}

  '@emnapi/wasi-threads@1.2.2':
    resolution: {integrity: sha512-c95qOXkHdydNKhscBTebqEC1CVAZpyqOfVfBzQ1qgzyl3gfeldUjIggDbIZgDKsHLgnsM+igH7TJ/eAasaVuMA==}

  '@jridgewell/gen-mapping@0.3.13':
    resolution: {integrity: sha512-2kkt/7niJ6MgEPxF0bYdQ6etZaA+fQvDcLKckhy1yIQOzaoKjBBjSj63/aLVjYE3qhRt5dvM+uUyfCg6UKCBbA==}

  '@jridgewell/resolve-uri@3.1.2':
    resolution: {integrity: sha512-bRISgCIjP20/tbWSPWMEi54QVPRZExkuD9lJL+UIxUKtwVJA8wW1Trb1jMs1RFXo1CBTNZ/5hpC9QvmKWdopKw==}
    engines: {node: '>=6.0.0'}

  '@jridgewell/sourcemap-codec@1.5.5':
    resolution: {integrity: sha512-cYQ9310grqxueWbl+WuIUIaiUaDcj7WOq5fVhEljNVgRfOUhY9fy2zTvfoqWsnebh8Sl70VScFbICvJnLKB0Og==}

  '@jridgewell/trace-mapping@0.3.31':
    resolution: {integrity: sha512-zzNR+SdQSDJzc8joaeP8QQoCQr8NuYx2dIIytl1QeBEZHJ9uW6hebsrYgbz8hJwUQao3TWCMtmfV8Nu1twOLAw==}

  '@napi-rs/wasm-runtime@1.1.1':
    resolution: {integrity: sha512-p64ah1M1ld8xjWv3qbvFwHiFVWrq1yFvV4f7w+mzaqiR4IlSgkqhcRdHwsGgomwzBH51sRY4NEowLxnaBjcW/A==}

  '@napi-rs/wasm-runtime@1.1.6':
    resolution: {integrity: sha512-ZLv/JdUfkvOy9eCnnBaGfiO+XimbjebAeO+MRQqD/B+FR1tnRN0tpKSJHRbE8sFfS6aqsXZ67TQjfwfsxULVbg==}
    peerDependencies:
      '@emnapi/core': ^1.7.1
      '@emnapi/runtime': ^1.7.1

  '@oxc-project/types@0.107.0':
    resolution: {integrity: sha512-QFDRbYfV2LVx8tyqtyiah3jQPUj1mK2+RYwxyFWyGoys6XJnwTdlzO6rdNNHOPorHAu5Uo34oWRKcvNpbJarmQ==}

  '@oxc-project/types@0.139.0':
    resolution: {integrity: sha512-r9gHphtCs+1M7J0pw6Sn/hh/Wpa/iQrOOkrNAlVLF/gHq+/CJmHIWKKUUhdWjcD6CIa8idarspCsASiXCXvFUw==}

  '@quansync/fs@1.0.0':
    resolution: {integrity: sha512-4TJ3DFtlf1L5LDMaM6CanJ/0lckGNtJcMjQ1NAV6zDmA0tEHKZtxNKin8EgPaVX1YzljbxckyT2tJrpQKAtngQ==}

  '@rolldown/binding-android-arm64@1.0.0-beta.59':
    resolution: {integrity: sha512-6yLLgyswYwiCfls9+hoNFY9F8TQdwo15hpXDHzlAR0X/GojeKF+AuNcXjYNbOJ4zjl/5D6lliE8CbpB5t1OWIQ==}
    engines: {node: ^20.19.0 || >=22.12.0}
    cpu: [arm64]
    os: [android]

  '@rolldown/binding-android-arm64@1.1.5':
    resolution: {integrity: sha512-lZg8fqIv2v7FF237bwMgzGZEJvGL79/s5knJ/i6FmsGF4XXlzccZ4jb+TrFIxtSSxFtIpdsgrPZeMk1I9AFcyQ==}
    engines: {node: ^20.19.0 || >=22.12.0}
    cpu: [arm64]
    os: [android]

  '@rolldown/binding-darwin-arm64@1.0.0-beta.59':
    resolution: {integrity: sha512-hqGXRc162qCCIOAcHN2Cw4eXiVTwYsMFLOhAy1IG2CxY+dwc/l4Ga+dLPkLor3Ikqy5WDn+7kxHbbh6EmshEpQ==}
    engines: {node: ^20.19.0 || >=22.12.0}
    cpu: [arm64]
    os: [darwin]

  '@rolldown/binding-darwin-arm64@1.1.5':
    resolution: {integrity: sha512-51Bnx9pNiMRKSUNtBfySkNJ9vMU9Hh3I1ozDd6gyPPYzaXCfnptUcEZxXGYFn+ul2dtcMUiqGR1Yai2K10uoTw==}
    engines: {node: ^20.19.0 || >=22.12.0}
    cpu: [arm64]
    os: [darwin]

  '@rolldown/binding-darwin-x64@1.0.0-beta.59':
    resolution: {integrity: sha512-ezvvGuhteE15JmMhJW0wS7BaXmhwLy1YHeEwievYaPC1PgGD86wgBKfOpHr9tSKllAXbCe0BeeMvasscWLhKdA==}
    engines: {node: ^20.19.0 || >=22.12.0}
    cpu: [x64]
    os: [darwin]

  '@rolldown/binding-darwin-x64@1.1.5':
    resolution: {integrity: sha512-Tm+gbfC0aHu1tBA/JvKQh32S0K6YgCHkiAF4/W6xX0K0RmNuc94VeK419dJoE65R5aRxmo+noZQSWrAMF6yb6g==}
    engines: {node: ^20.19.0 || >=22.12.0}
    cpu: [x64]
    os: [darwin]

  '@rolldown/binding-freebsd-x64@1.0.0-beta.59':
    resolution: {integrity: sha512-4fhKVJiEYVd5n6no/mrL3LZ9kByfCGwmONOrdtvx8DJGDQhehH/q3RfhG3V/4jGKhpXgbDjpIjkkFdybCTcgew==}
    engines: {node: ^20.19.0 || >=22.12.0}
    cpu: [x64]
    os: [freebsd]

  '@rolldown/binding-freebsd-x64@1.1.5':
    resolution: {integrity: sha512-JMzDKCCXq93YccG5gz3hvOs1oXRKAf0XYpfOS88e+wZrC8Iugj6j68867vrYZkvpDDpKn/KoKORThmchMpF6TA==}
    engines: {node: ^20.19.0 || >=22.12.0}
    cpu: [x64]
    os: [freebsd]

  '@rolldown/binding-linux-arm-gnueabihf@1.0.0-beta.59':
    resolution: {integrity: sha512-T3Y52sW6JAhvIqArBw+wtjNU1Ieaz4g0NBxyjSJoW971nZJBZygNlSYx78G4cwkCmo1dYTciTPDOnQygLV23pA==}
    engines: {node: ^20.19.0 || >=22.12.0}
    cpu: [arm]
    os: [linux]

  '@rolldown/binding-linux-arm-gnueabihf@1.1.5':
    resolution: {integrity: sha512-uML21j2K5TfPGutKxub+M+nLjZIrWjXQ5Grx4lCe/nimTj9B4L63zHpjXLl4y0L3mcm2htEQIb06oCG/szerNw==}
    engines: {node: ^20.19.0 || >=22.12.0}
    cpu: [arm]
    os: [linux]

  '@rolldown/binding-linux-arm64-gnu@1.0.0-beta.59':
    resolution: {integrity: sha512-NIW40jQDSQap2KDdmm9z3B/4OzWJ6trf8dwx3FD74kcQb3v34ThsBFTtzE5KjDuxnxgUlV+DkAu+XgSMKrgufw==}
    engines: {node: ^20.19.0 || >=22.12.0}
    cpu: [arm64]
    os: [linux]
    libc: [glibc]

  '@rolldown/binding-linux-arm64-gnu@1.1.5':
    resolution: {integrity: sha512-navSiuTMogvnQoZoM/v+l3ZWo50/NTwSHSzheABx/RCnmUPaKwq9qSo4Br2OYRs21+Fz8uFqITZM3H4opOB0/Q==}
    engines: {node: ^20.19.0 || >=22.12.0}
    cpu: [arm64]
    os: [linux]
    libc: [glibc]

  '@rolldown/binding-linux-arm64-musl@1.0.0-beta.59':
    resolution: {integrity: sha512-CCKEk+H+8c0WGe/8n1E20n85Tq4Pv+HNAbjP1KfUXW+01aCWSMjU56ChNrM2tvHnXicfm7QRNoZyfY8cWh7jLQ==}
    engines: {node: ^20.19.0 || >=22.12.0}
    cpu: [arm64]
    os: [linux]
    libc: [musl]

  '@rolldown/binding-linux-arm64-musl@1.1.5':
    resolution: {integrity: sha512-lAryqH7IteztmCXQXk0etKj4wBQ7Gx5S6LjKhsgp9zb8I5bsuvU/2llH1hDQcjsFeqIsovMVN339/8pUDDBXxA==}
    engines: {node: ^20.19.0 || >=22.12.0}
    cpu: [arm64]
    os: [linux]
    libc: [musl]

  '@rolldown/binding-linux-ppc64-gnu@1.1.5':
    resolution: {integrity: sha512-fsK/sNBnxzBlL4O1JNrZakVQxPspqpED5dLtNsZS9oOKmtSpdNIzxH2kkol5HYTWJN47sE20ztMJPxfZ89qGOg==}
    engines: {node: ^20.19.0 || >=22.12.0}
    cpu: [ppc64]
    os: [linux]
    libc: [glibc]

  '@rolldown/binding-linux-s390x-gnu@1.1.5':
    resolution: {integrity: sha512-gLYb4BIadlfTOYT5gO503n8zQjXflgzpD0FcyKh0Mzx3rqCZKnHoJWV9xe1KXUJ5lx2JfcSHr/mhzS0PC/McAA==}
    engines: {node: ^20.19.0 || >=22.12.0}
    cpu: [s390x]
    os: [linux]
    libc: [glibc]

  '@rolldown/binding-linux-x64-gnu@1.0.0-beta.59':
    resolution: {integrity: sha512-VlfwJ/HCskPmQi8R0JuAFndySKVFX7yPhE658o27cjSDWWbXVtGkSbwaxstii7Q+3Rz87ZXN+HLnb1kd4R9Img==}
    engines: {node: ^20.19.0 || >=22.12.0}
    cpu: [x64]
    os: [linux]
    libc: [glibc]

  '@rolldown/binding-linux-x64-gnu@1.1.5':
    resolution: {integrity: sha512-FjcpEKUyJygHgs1o50VYNvkt5+7Le/VEdYt0AkRpkL33MnyQfwr8l5mXwMmfmTbyMPr5vJLC+8/Gd9gXnwU1QQ==}
    engines: {node: ^20.19.0 || >=22.12.0}
    cpu: [x64]
    os: [linux]
    libc: [glibc]

  '@rolldown/binding-linux-x64-musl@1.0.0-beta.59':
    resolution: {integrity: sha512-kuO92hTRyGy0Ts3Nsqll0rfO8eFsEJe9dGQGktkQnZ2hrJrDVN0y419dMgKy/gB2S2o7F2dpWhpfQOBehZPwVA==}
    engines: {node: ^20.19.0 || >=22.12.0}
    cpu: [x64]
    os: [linux]
    libc: [musl]

  '@rolldown/binding-linux-x64-musl@1.1.5':
    resolution: {integrity: sha512-Me+PfPI2TMeOQk0gYWfLQZtTktrmzbr8cDboqX83XKc7UrgAi55gF+2dUkWdxd19n55Essp2yeca+O9N5rBxHg==}
    engines: {node: ^20.19.0 || >=22.12.0}
    cpu: [x64]
    os: [linux]
    libc: [musl]

  '@rolldown/binding-openharmony-arm64@1.0.0-beta.59':
    resolution: {integrity: sha512-PXAebvNL4sYfCqi8LdY4qyFRacrRoiPZLo3NoUmiTxm7MPtYYR8CNtBGNokqDmMuZIQIecRaD/jbmFAIDz7DxQ==}
    engines: {node: ^20.19.0 || >=22.12.0}
    cpu: [arm64]
    os: [openharmony]

  '@rolldown/binding-openharmony-arm64@1.1.5':
    resolution: {integrity: sha512-yc5WrLzXks6zCQfn9Oxr8pORKyl/pF+QjHmW/Qx3qu0oyrrNC+y2JLTU1E2rcWYAmzlnqngWXHQjy51VzW70Vw==}
    engines: {node: ^20.19.0 || >=22.12.0}
    cpu: [arm64]
    os: [openharmony]

  '@rolldown/binding-wasm32-wasi@1.0.0-beta.59':
    resolution: {integrity: sha512-yJoklQg7XIZq8nAg0bbkEXcDK6sfpjxQGxpg2Nd6ERNtvg+eOaEBRgPww0BVTrYFQzje1pB5qPwC2VnJHT3koQ==}
    engines: {node: '>=14.0.0'}
    cpu: [wasm32]

  '@rolldown/binding-wasm32-wasi@1.1.5':
    resolution: {integrity: sha512-VbQGPX2b4r48TAMIM2cjgluIM1HYutm4pcTEJsle7iEP7sB1dFqtPLBVbdLAZCxy1txCcPxf4QFf4v8uvltPqA==}
    engines: {node: ^20.19.0 || >=22.12.0}
    cpu: [wasm32]

  '@rolldown/binding-win32-arm64-msvc@1.0.0-beta.59':
    resolution: {integrity: sha512-ljZ4+McmCbIuZwEBaoGtiG8Rq2nJjaXEnLEIx+usWetXn1ECjXY0LAhkELxOV6ytv4ensEmoJJ8nXg47hRMjlw==}
    engines: {node: ^20.19.0 || >=22.12.0}
    cpu: [arm64]
    os: [win32]

  '@rolldown/binding-win32-arm64-msvc@1.1.5':
    resolution: {integrity: sha512-gHv82k63z4qpV5+Q1y/12KrK0ltWBukVDI8nZcbT7Tt/ZlOIVwppazneq0F93oDxTo3IgAMEDIoQh3E2n6mVsw==}
    engines: {node: ^20.19.0 || >=22.12.0}
    cpu: [arm64]
    os: [win32]

  '@rolldown/binding-win32-x64-msvc@1.0.0-beta.59':
    resolution: {integrity: sha512-bMY4tTIwbdZljW+xe/ln1hvs0SRitahQSXfWtvgAtIzgSX9Ar7KqJzU7lRm33YTRFIHLULRi53yNjw9nJGd6uQ==}
    engines: {node: ^20.19.0 || >=22.12.0}
    cpu: [x64]
    os: [win32]

  '@rolldown/binding-win32-x64-msvc@1.1.5':
    resolution: {integrity: sha512-tTZuDBPw85tEN5PQi1pnEBzDy0Z49HtScLAbD5t6hyeU92A95pRWaSMw1GZZi/RwgSgUIl0xrSlXIT/9QzvYSA==}
    engines: {node: ^20.19.0 || >=22.12.0}
    cpu: [x64]
    os: [win32]

  '@rolldown/pluginutils@1.0.0-beta.59':
    resolution: {integrity: sha512-aoh6LAJRyhtazs98ydgpNOYstxUlsOV1KJXcpf/0c0vFcUA8uyd/hwKRhqE/AAPNqAho9RliGsvitCoOzREoVA==}

  '@rolldown/pluginutils@1.0.1':
    resolution: {integrity: sha512-2j9bGt5Jh8hj+vPtgzPtl72j0yRxHAyumoo6TNfAjsLB04UtpSvPbPcDcBMxz7n+9CYB0c1GxQFxYRg2jimqGw==}

  '@tybys/wasm-util@0.10.1':
    resolution: {integrity: sha512-9tTaPJLSiejZKx+Bmog4uSubteqTvFrVrURwkmHixBo0G4seD0zUxp98E1DzUBJxLQ3NPwXrGKDiVjwx/DpPsg==}

  '@tybys/wasm-util@0.10.3':
    resolution: {integrity: sha512-F3fo1MYrRJYL3zER0OUOmkutjr1Vp23m7OsSgp7nq4SP6OqX6C/56XFIPAl5bt3zaBRjmW7SGz3u/6LwFpYcOg==}

  '@types/follow-redirects@1.14.4':
    resolution: {integrity: sha512-GWXfsD0Jc1RWiFmMuMFCpXMzi9L7oPDVwxUnZdg89kDNnqsRfUKXEtUYtA98A6lig1WXH/CYY/fvPW9HuN5fTA==}

  '@types/node@22.19.1':
    resolution: {integrity: sha512-LCCV0HdSZZZb34qifBsyWlUmok6W7ouER+oQIGBScS8EsZsQbrtFTUrDX4hOl+CS6p7cnNC4td+qrSVGSCTUfQ==}

  ansis@4.2.0:
    resolution: {integrity: sha512-HqZ5rWlFjGiV0tDm3UxxgNRqsOTniqoKZu0pIAfh7TZQMGuZK+hH0drySty0si0QXj1ieop4+SkSfPZBPPkHig==}
    engines: {node: '>=14'}

  ast-kit@2.2.0:
    resolution: {integrity: sha512-m1Q/RaVOnTp9JxPX+F+Zn7IcLYMzM8kZofDImfsKZd8MbR+ikdOzTeztStWqfrqIxZnYWryyI9ePm3NGjnZgGw==}
    engines: {node: '>=20.19.0'}

  birpc@4.0.0:
    resolution: {integrity: sha512-LShSxJP0KTmd101b6DRyGBj57LZxSDYWKitQNW/mi8GRMvZb078Uf9+pveax1DrVL89vm7mWe+TovdI/UDOuPw==}

  cac@6.7.14:
    resolution: {integrity: sha512-b6Ilus+c3RrdDk+JhLKUAQfzzgLEPy6wcXqS7f/xe1EETvsDP6GORG7SFuOs6cID5YkqchW/LXZbX5bc8j7ZcQ==}
    engines: {node: '>=8'}

  defu@6.1.4:
    resolution: {integrity: sha512-mEQCMmwJu317oSz8CwdIOdwf3xMif1ttiM8LTufzc3g6kR+9Pe236twL8j3IYT1F7GfRgGcW6MWxzZjLIkuHIg==}

  detect-libc@2.1.2:
    resolution: {integrity: sha512-Btj2BOOO83o3WyH59e8MgXsxEQVcarkUOpEYrubB0urwnN10yQ364rsiByU11nZlqWYZm05i/of7io4mzihBtQ==}
    engines: {node: '>=8'}

  dts-resolver@2.1.3:
    resolution: {integrity: sha512-bihc7jPC90VrosXNzK0LTE2cuLP6jr0Ro8jk+kMugHReJVLIpHz/xadeq3MhuwyO4TD4OA3L1Q8pBBFRc08Tsw==}
    engines: {node: '>=20.19.0'}
    peerDependencies:
      oxc-resolver: '>=11.0.0'
    peerDependenciesMeta:
      oxc-resolver:
        optional: true

  empathic@2.0.0:
    resolution: {integrity: sha512-i6UzDscO/XfAcNYD75CfICkmfLedpyPDdozrLMmQc5ORaQcdMoc21OnlEylMIqI7U8eniKrPMxxtj8k0vhmJhA==}
    engines: {node: '>=14'}

  fast-plist@0.1.3:
    resolution: {integrity: sha512-d9cEfo/WcOezgPLAC/8t8wGb6YOD6JTCPMw2QcG2nAdFmyY+9rTUizCTaGjIZAloWENTEUMAPpkUAIJJJ0i96A==}

  fdir@6.5.0:
    resolution: {integrity: sha512-tIbYtZbucOs0BRGqPJkshJUYdL+SDH7dVM8gjy+ERp3WAUjLEFJE+02kanyHtwjWOnwrKYBiwAmM0p4kLJAnXg==}
    engines: {node: '>=12.0.0'}
    peerDependencies:
      picomatch: ^3 || ^4
    peerDependenciesMeta:
      picomatch:
        optional: true

  follow-redirects@1.15.11:
    resolution: {integrity: sha512-deG2P0JfjrTxl50XGCDyfI97ZGVCxIpfKYmfyrQ54n5FO/0gfIES8C/Psl6kWVDolizcaaxZJnTS0QSMxvnsBQ==}
    engines: {node: '>=4.0'}
    peerDependencies:
      debug: '*'
    peerDependenciesMeta:
      debug:
        optional: true

  fsevents@2.3.3:
    resolution: {integrity: sha512-5xoDfX+fL7faATnagmWPpbFtwh/R77WmMMqqHGS65C3vvB0YHrgF+B1YmZ3441tMj5n63k0212XNoJwzlhffQw==}
    engines: {node: ^8.16.0 || ^10.6.0 || >=11.0.0}
    os: [darwin]

  get-tsconfig@4.13.0:
    resolution: {integrity: sha512-1VKTZJCwBrvbd+Wn3AOgQP/2Av+TfTCOlE4AcRJE72W1ksZXbAx8PPBR9RzgTeSPzlPMHrbANMH3LbltH73wxQ==}

  hookable@6.0.1:
    resolution: {integrity: sha512-uKGyY8BuzN/a5gvzvA+3FVWo0+wUjgtfSdnmjtrOVwQCZPHpHDH2WRO3VZSOeluYrHoDCiXFffZXs8Dj1ULWtw==}

  import-without-cache@0.2.5:
    resolution: {integrity: sha512-B6Lc2s6yApwnD2/pMzFh/d5AVjdsDXjgkeJ766FmFuJELIGHNycKRj+l3A39yZPM4CchqNCB4RITEAYB1KUM6A==}
    engines: {node: '>=20.19.0'}

  jsesc@3.1.0:
    resolution: {integrity: sha512-/sM3dO2FOzXjKQhJuo0Q173wf2KOo8t4I8vHy6lF9poUp7bKT0/NHE8fPX23PwfhnykfqnC2xRxOnVw5XuGIaA==}
    engines: {node: '>=6'}
    hasBin: true

  lightningcss-android-arm64@1.32.0:
    resolution: {integrity: sha512-YK7/ClTt4kAK0vo6w3X+Pnm0D2cf2vPHbhOXdoNti1Ga0al1P4TBZhwjATvjNwLEBCnKvjJc2jQgHXH0NEwlAg==}
    engines: {node: '>= 12.0.0'}
    cpu: [arm64]
    os: [android]

  lightningcss-darwin-arm64@1.32.0:
    resolution: {integrity: sha512-RzeG9Ju5bag2Bv1/lwlVJvBE3q6TtXskdZLLCyfg5pt+HLz9BqlICO7LZM7VHNTTn/5PRhHFBSjk5lc4cmscPQ==}
    engines: {node: '>= 12.0.0'}
    cpu: [arm64]
    os: [darwin]

  lightningcss-darwin-x64@1.32.0:
    resolution: {integrity: sha512-U+QsBp2m/s2wqpUYT/6wnlagdZbtZdndSmut/NJqlCcMLTWp5muCrID+K5UJ6jqD2BFshejCYXniPDbNh73V8w==}
    engines: {node: '>= 12.0.0'}
    cpu: [x64]
    os: [darwin]

  lightningcss-freebsd-x64@1.32.0:
    resolution: {integrity: sha512-JCTigedEksZk3tHTTthnMdVfGf61Fky8Ji2E4YjUTEQX14xiy/lTzXnu1vwiZe3bYe0q+SpsSH/CTeDXK6WHig==}
    engines: {node: '>= 12.0.0'}
    cpu: [x64]
    os: [freebsd]

  lightningcss-linux-arm-gnueabihf@1.32.0:
    resolution: {integrity: sha512-x6rnnpRa2GL0zQOkt6rts3YDPzduLpWvwAF6EMhXFVZXD4tPrBkEFqzGowzCsIWsPjqSK+tyNEODUBXeeVHSkw==}
    engines: {node: '>= 12.0.0'}
    cpu: [arm]
    os: [linux]

  lightningcss-linux-arm64-gnu@1.32.0:
    resolution: {integrity: sha512-0nnMyoyOLRJXfbMOilaSRcLH3Jw5z9HDNGfT/gwCPgaDjnx0i8w7vBzFLFR1f6CMLKF8gVbebmkUN3fa/kQJpQ==}
    engines: {node: '>= 12.0.0'}
    cpu: [arm64]
    os: [linux]
    libc: [glibc]

  lightningcss-linux-arm64-musl@1.32.0:
    resolution: {integrity: sha512-UpQkoenr4UJEzgVIYpI80lDFvRmPVg6oqboNHfoH4CQIfNA+HOrZ7Mo7KZP02dC6LjghPQJeBsvXhJod/wnIBg==}
    engines: {node: '>= 12.0.0'}
    cpu: [arm64]
    os: [linux]
    libc: [musl]

  lightningcss-linux-x64-gnu@1.32.0:
    resolution: {integrity: sha512-V7Qr52IhZmdKPVr+Vtw8o+WLsQJYCTd8loIfpDaMRWGUZfBOYEJeyJIkqGIDMZPwPx24pUMfwSxxI8phr/MbOA==}
    engines: {node: '>= 12.0.0'}
    cpu: [x64]
    os: [linux]
    libc: [glibc]

  lightningcss-linux-x64-musl@1.32.0:
    resolution: {integrity: sha512-bYcLp+Vb0awsiXg/80uCRezCYHNg1/l3mt0gzHnWV9XP1W5sKa5/TCdGWaR/zBM2PeF/HbsQv/j2URNOiVuxWg==}
    engines: {node: '>= 12.0.0'}
    cpu: [x64]
    os: [linux]
    libc: [musl]

  lightningcss-win32-arm64-msvc@1.32.0:
    resolution: {integrity: sha512-8SbC8BR40pS6baCM8sbtYDSwEVQd4JlFTOlaD3gWGHfThTcABnNDBda6eTZeqbofalIJhFx0qKzgHJmcPTnGdw==}
    engines: {node: '>= 12.0.0'}
    cpu: [arm64]
    os: [win32]

  lightningcss-win32-x64-msvc@1.32.0:
    resolution: {integrity: sha512-Amq9B/SoZYdDi1kFrojnoqPLxYhQ4Wo5XiL8EVJrVsB8ARoC1PWW6VGtT0WKCemjy8aC+louJnjS7U18x3b06Q==}
    engines: {node: '>= 12.0.0'}
    cpu: [x64]
    os: [win32]

  lightningcss@1.32.0:
    resolution: {integrity: sha512-NXYBzinNrblfraPGyrbPoD19C1h9lfI/1mzgWYvXUTe414Gz/X1FD2XBZSZM7rRTrMA8JL3OtAaGifrIKhQ5yQ==}
    engines: {node: '>= 12.0.0'}

  nanoid@3.3.16:
    resolution: {integrity: sha512-bzlKTyNJ7+LdGIIwy8ijFpIqEQIvafahV7eYykJ8Cvh42EdJeODoJ6gUJXpQJvej1BddH8OqTXZNE/KfbWAu8Q==}
    engines: {node: ^10 || ^12 || ^13.7 || ^14 || >=15.0.1}
    hasBin: true

  obug@2.1.1:
    resolution: {integrity: sha512-uTqF9MuPraAQ+IsnPf366RG4cP9RtUi7MLO1N3KEc+wb0a6yKpeL0lmk2IB1jY5KHPAlTc6T/JRdC/YqxHNwkQ==}

  pathe@2.0.3:
    resolution: {integrity: sha512-WUjGcAqP1gQacoQe+OBJsFA7Ld4DyXuUIjZ5cc75cLHvJ7dtNsTugphxIADwspS+AraAUePCKrSVtPLFj/F88w==}

  picocolors@1.1.1:
    resolution: {integrity: sha512-xceH2snhtb5M9liqDsmEw56le376mTZkEX/jEb/RxNFyegNul7eNslCXP9FDj/Lcu0X8KEyMceP2ntpaHrDEVA==}

  picomatch@4.0.3:
    resolution: {integrity: sha512-5gTmgEY/sqK6gFXLIsQNH19lWb4ebPDLA4SdLP7dsWkIXHWlG66oPuVvXSGFPppYZz8ZDZq0dYYrbHfBCVUb1Q==}
    engines: {node: '>=12'}

  picomatch@4.0.5:
    resolution: {integrity: sha512-RvwwcruNjI1ncT5xRakeyS9Lf8lcItv34KD+aif+VH9kduAyfYBipGh12274xtenIPZ119/R9BdTBa8gAwSh0A==}
    engines: {node: '>=12'}

  postcss@8.5.20:
    resolution: {integrity: sha512-lW616l85ucIQL+FocMmL7pQFPqBmwejrCMg+iPxyImlrANNJG9NHq/RkyCZopDhd8C3LA03PHRJDjkbGu8vvug==}
    engines: {node: ^10 || ^12 || >=14}

  quansync@1.0.0:
    resolution: {integrity: sha512-5xZacEEufv3HSTPQuchrvV6soaiACMFnq1H8wkVioctoH3TRha9Sz66lOxRwPK/qZj7HPiSveih9yAyh98gvqA==}

  resolve-pkg-maps@1.0.0:
    resolution: {integrity: sha512-seS2Tj26TBVOC2NIc2rOe2y2ZO7efxITtLZcGSOnHHNOQ7CkiUBfw0Iw2ck6xkIhPwLhKNLS8BO+hEpngQlqzw==}

  rolldown-plugin-dts@0.21.0:
    resolution: {integrity: sha512-t/KiDGti8cXD69phhBGWG4mjIlN1BX5auS8iNPrRvkCII6FKccjR+E0lmP5fCwuEvH3lJPaF5iu/CMGUn6nuoQ==}
    engines: {node: '>=20.19.0'}
    peerDependencies:
      '@ts-macro/tsc': ^0.3.6
      '@typescript/native-preview': '>=7.0.0-dev.20250601.1'
      rolldown: ^1.0.0-beta.57
      typescript: ^5.0.0
      vue-tsc: ~3.2.0
    peerDependenciesMeta:
      '@ts-macro/tsc':
        optional: true
      '@typescript/native-preview':
        optional: true
      typescript:
        optional: true
      vue-tsc:
        optional: true

  rolldown@1.0.0-beta.59:
    resolution: {integrity: sha512-Slm000Gd8/AO9z4Kxl4r8mp/iakrbAuJ1L+7ddpkNxgQ+Vf37WPvY63l3oeyZcfuPD1DRrUYBsRPIXSOhvOsmw==}
    engines: {node: ^20.19.0 || >=22.12.0}
    hasBin: true

  rolldown@1.1.5:
    resolution: {integrity: sha512-t9z29cJjXf/vxQ8dyhCSpt6H6aSwHTk8cT5I3iy6SMXuFpk5mB6PL6XfC8PCwrPTx93udwKUm9HRteAlTGBLiA==}
    engines: {node: ^20.19.0 || >=22.12.0}
    hasBin: true

  semver@7.7.3:
    resolution: {integrity: sha512-SdsKMrI9TdgjdweUSR9MweHA4EJ8YxHn8DFaDisvhVlUOe4BF1tLD7GAj0lIqWVl+dPb/rExr0Btby5loQm20Q==}
    engines: {node: '>=10'}
    hasBin: true

  source-map-js@1.2.1:
    resolution: {integrity: sha512-UXWMKhLOwVKb728IUtQPXxfYU+usdybtUrK/8uGE8CQMvrhOpwvzDBwj0QhSL7MQc7vIsISBG8VQ8+IDQxpfQA==}
    engines: {node: '>=0.10.0'}

  tinyexec@1.0.2:
    resolution: {integrity: sha512-W/KYk+NFhkmsYpuHq5JykngiOCnxeVL8v8dFnqxSD8qEEdRfXk1SDM6JzNqcERbcGYj9tMrDQBYV9cjgnunFIg==}
    engines: {node: '>=18'}

  tinyglobby@0.2.15:
    resolution: {integrity: sha512-j2Zq4NyQYG5XMST4cbs02Ak8iJUdxRM0XI5QyxXuZOzKOINmWurp3smXu3y5wDcJrptwpSjgXHzIQxR0omXljQ==}
    engines: {node: '>=12.0.0'}

  tinyglobby@0.2.17:
    resolution: {integrity: sha512-wXR/dYpcqKmfWpEdZjiKJOwCNFndD0DMnrW/cYjVGttEkBfVgcLFHoNrlj47mjOVic9yyNu65alsgF4NQyTa2g==}
    engines: {node: '>=12.0.0'}

  tree-kill@1.2.2:
    resolution: {integrity: sha512-L0Orpi8qGpRG//Nd+H90vFB+3iHnue1zSSGmNOOCh1GLJ7rUKVwV2HvijphGQS2UmhUZewS9VgvxYIdgr+fG1A==}
    hasBin: true

  tsdown@0.20.0-beta.1:
    resolution: {integrity: sha512-F/A0vGKG8/8XSKMxQtHCeRHpI2jlpKQLQ8sEDKh3XXWZjAXyz5pjHosJvsL5NEv+9ZtcQZEw0xEzPgfJSAWgdg==}
    engines: {node: '>=20.19.0'}
    hasBin: true
    peerDependencies:
      '@arethetypeswrong/core': ^0.18.1
      '@vitejs/devtools': '*'
      publint: ^0.3.0
      typescript: ^5.0.0
      unplugin-lightningcss: ^0.4.0
      unplugin-unused: ^0.5.0
    peerDependenciesMeta:
      '@arethetypeswrong/core':
        optional: true
      '@vitejs/devtools':
        optional: true
      publint:
        optional: true
      typescript:
        optional: true
      unplugin-lightningcss:
        optional: true
      unplugin-unused:
        optional: true

  tslib@2.8.1:
    resolution: {integrity: sha512-oJFu94HQb+KVduSUQL7wnpmqnfmLsOA/nAh6b6EH0wCEoK0/mPeXU6c3wKDV83MkOuHPRHtSXKKU99IBazS/2w==}

  typescript@5.9.3:
    resolution: {integrity: sha512-jl1vZzPDinLr9eUt3J/t7V6FgNEw9QjvBPdysz9KfQDD41fQrC2Y4vKQdiaUpFT4bXlb1RHhLpp8wtm6M5TgSw==}
    engines: {node: '>=14.17'}
    hasBin: true

  unconfig-core@7.4.2:
    resolution: {integrity: sha512-VgPCvLWugINbXvMQDf8Jh0mlbvNjNC6eSUziHsBCMpxR05OPrNrvDnyatdMjRgcHaaNsCqz+wjNXxNw1kRLHUg==}

  undici-types@6.21.0:
    resolution: {integrity: sha512-iwDZqg0QAGrg9Rav5H4n0M64c3mkR59cJ6wQp+7C4nI0gsmExaedaYLNO44eT4AtBBwjbTiGPMlt2Md0T9H9JQ==}

  unrun@0.2.24:
    resolution: {integrity: sha512-xa4/O5q2jmI6EqxweJ+sOy5cyORZWcsgmi8pmABVSUyg24Fh44qJrneUHavZEMsbJbghHYWKSraFy5hDCb/m4w==}
    engines: {node: '>=20.19.0'}
    hasBin: true
    peerDependencies:
      synckit: ^0.11.11
    peerDependenciesMeta:
      synckit:
        optional: true

  vite@8.1.5:
    resolution: {integrity: sha512-7ULLwsCdYx/nRyrpiEwvqb5TFHrMVZyBt+rg/OAXT7rgj/z+DtTDyKFeLAdDkubDVDKD8jOsndmy7m55XcfUsw==}
    engines: {node: ^20.19.0 || >=22.12.0}
    hasBin: true
    peerDependencies:
      '@types/node': ^20.19.0 || >=22.12.0
      '@vitejs/devtools': ^0.3.0
      esbuild: ^0.27.0 || ^0.28.0
      jiti: '>=1.21.0'
      less: ^4.0.0
      sass: ^1.70.0
      sass-embedded: ^1.70.0
      stylus: '>=0.54.8'
      sugarss: ^5.0.0
      terser: ^5.16.0
      tsx: ^4.8.1
      yaml: ^2.4.2
    peerDependenciesMeta:
      '@types/node':
        optional: true
      '@vitejs/devtools':
        optional: true
      esbuild:
        optional: true
      jiti:
        optional: true
      less:
        optional: true
      sass:
        optional: true
      sass-embedded:
        optional: true
      stylus:
        optional: true
      sugarss:
        optional: true
      terser:
        optional: true
      tsx:
        optional: true
      yaml:
        optional: true

snapshots:

  '@babel/generator@7.28.6':
    dependencies:
      '@babel/parser': 7.28.6
      '@babel/types': 7.28.6
      '@jridgewell/gen-mapping': 0.3.13
      '@jridgewell/trace-mapping': 0.3.31
      jsesc: 3.1.0

  '@babel/helper-string-parser@7.27.1': {}

  '@babel/helper-validator-identifier@7.28.5': {}

  '@babel/parser@7.28.6':
    dependencies:
      '@babel/types': 7.28.6

  '@babel/types@7.28.6':
    dependencies:
      '@babel/helper-string-parser': 7.27.1
      '@babel/helper-validator-identifier': 7.28.5

  '@emnapi/core@1.11.1':
    dependencies:
      '@emnapi/wasi-threads': 1.2.2
      tslib: 2.8.1
    optional: true

  '@emnapi/core@1.7.1':
    dependencies:
      '@emnapi/wasi-threads': 1.1.0
      tslib: 2.8.1
    optional: true

  '@emnapi/runtime@1.11.1':
    dependencies:
      tslib: 2.8.1
    optional: true

  '@emnapi/runtime@1.7.1':
    dependencies:
      tslib: 2.8.1
    optional: true

  '@emnapi/wasi-threads@1.1.0':
    dependencies:
      tslib: 2.8.1
    optional: true

  '@emnapi/wasi-threads@1.2.2':
    dependencies:
      tslib: 2.8.1
    optional: true

  '@jridgewell/gen-mapping@0.3.13':
    dependencies:
      '@jridgewell/sourcemap-codec': 1.5.5
      '@jridgewell/trace-mapping': 0.3.31

  '@jridgewell/resolve-uri@3.1.2': {}

  '@jridgewell/sourcemap-codec@1.5.5': {}

  '@jridgewell/trace-mapping@0.3.31':
    dependencies:
      '@jridgewell/resolve-uri': 3.1.2
      '@jridgewell/sourcemap-codec': 1.5.5

  '@napi-rs/wasm-runtime@1.1.1':
    dependencies:
      '@emnapi/core': 1.7.1
      '@emnapi/runtime': 1.7.1
      '@tybys/wasm-util': 0.10.1
    optional: true

  '@napi-rs/wasm-runtime@1.1.6(@emnapi/core@1.11.1)(@emnapi/runtime@1.11.1)':
    dependencies:
      '@emnapi/core': 1.11.1
      '@emnapi/runtime': 1.11.1
      '@tybys/wasm-util': 0.10.3
    optional: true

  '@oxc-project/types@0.107.0': {}

  '@oxc-project/types@0.139.0': {}

  '@quansync/fs@1.0.0':
    dependencies:
      quansync: 1.0.0

  '@rolldown/binding-android-arm64@1.0.0-beta.59':
    optional: true

  '@rolldown/binding-android-arm64@1.1.5':
    optional: true

  '@rolldown/binding-darwin-arm64@1.0.0-beta.59':
    optional: true

  '@rolldown/binding-darwin-arm64@1.1.5':
    optional: true

  '@rolldown/binding-darwin-x64@1.0.0-beta.59':
    optional: true

  '@rolldown/binding-darwin-x64@1.1.5':
    optional: true

  '@rolldown/binding-freebsd-x64@1.0.0-beta.59':
    optional: true

  '@rolldown/binding-freebsd-x64@1.1.5':
    optional: true

  '@rolldown/binding-linux-arm-gnueabihf@1.0.0-beta.59':
    optional: true

  '@rolldown/binding-linux-arm-gnueabihf@1.1.5':
    optional: true

  '@rolldown/binding-linux-arm64-gnu@1.0.0-beta.59':
    optional: true

  '@rolldown/binding-linux-arm64-gnu@1.1.5':
    optional: true

  '@rolldown/binding-linux-arm64-musl@1.0.0-beta.59':
    optional: true

  '@rolldown/binding-linux-arm64-musl@1.1.5':
    optional: true

  '@rolldown/binding-linux-ppc64-gnu@1.1.5':
    optional: true

  '@rolldown/binding-linux-s390x-gnu@1.1.5':
    optional: true

  '@rolldown/binding-linux-x64-gnu@1.0.0-beta.59':
    optional: true

  '@rolldown/binding-linux-x64-gnu@1.1.5':
    optional: true

  '@rolldown/binding-linux-x64-musl@1.0.0-beta.59':
    optional: true

  '@rolldown/binding-linux-x64-musl@1.1.5':
    optional: true

  '@rolldown/binding-openharmony-arm64@1.0.0-beta.59':
    optional: true

  '@rolldown/binding-openharmony-arm64@1.1.5':
    optional: true

  '@rolldown/binding-wasm32-wasi@1.0.0-beta.59':
    dependencies:
      '@napi-rs/wasm-runtime': 1.1.1
    optional: true

  '@rolldown/binding-wasm32-wasi@1.1.5':
    dependencies:
      '@emnapi/core': 1.11.1
      '@emnapi/runtime': 1.11.1
      '@napi-rs/wasm-runtime': 1.1.6(@emnapi/core@1.11.1)(@emnapi/runtime@1.11.1)
    optional: true

  '@rolldown/binding-win32-arm64-msvc@1.0.0-beta.59':
    optional: true

  '@rolldown/binding-win32-arm64-msvc@1.1.5':
    optional: true

  '@rolldown/binding-win32-x64-msvc@1.0.0-beta.59':
    optional: true

  '@rolldown/binding-win32-x64-msvc@1.1.5':
    optional: true

  '@rolldown/pluginutils@1.0.0-beta.59': {}

  '@rolldown/pluginutils@1.0.1': {}

  '@tybys/wasm-util@0.10.1':
    dependencies:
      tslib: 2.8.1
    optional: true

  '@tybys/wasm-util@0.10.3':
    dependencies:
      tslib: 2.8.1
    optional: true

  '@types/follow-redirects@1.14.4':
    dependencies:
      '@types/node': 22.19.1

  '@types/node@22.19.1':
    dependencies:
      undici-types: 6.21.0

  ansis@4.2.0: {}

  ast-kit@2.2.0:
    dependencies:
      '@babel/parser': 7.28.6
      pathe: 2.0.3

  birpc@4.0.0: {}

  cac@6.7.14: {}

  defu@6.1.4: {}

  detect-libc@2.1.2: {}

  dts-resolver@2.1.3: {}

  empathic@2.0.0: {}

  fast-plist@0.1.3: {}

  fdir@6.5.0(picomatch@4.0.3):
    optionalDependencies:
      picomatch: 4.0.3

  fdir@6.5.0(picomatch@4.0.5):
    optionalDependencies:
      picomatch: 4.0.5

  follow-redirects@1.15.11: {}

  fsevents@2.3.3:
    optional: true

  get-tsconfig@4.13.0:
    dependencies:
      resolve-pkg-maps: 1.0.0

  hookable@6.0.1: {}

  import-without-cache@0.2.5: {}

  jsesc@3.1.0: {}

  lightningcss-android-arm64@1.32.0:
    optional: true

  lightningcss-darwin-arm64@1.32.0:
    optional: true

  lightningcss-darwin-x64@1.32.0:
    optional: true

  lightningcss-freebsd-x64@1.32.0:
    optional: true

  lightningcss-linux-arm-gnueabihf@1.32.0:
    optional: true

  lightningcss-linux-arm64-gnu@1.32.0:
    optional: true

  lightningcss-linux-arm64-musl@1.32.0:
    optional: true

  lightningcss-linux-x64-gnu@1.32.0:
    optional: true

  lightningcss-linux-x64-musl@1.32.0:
    optional: true

  lightningcss-win32-arm64-msvc@1.32.0:
    optional: true

  lightningcss-win32-x64-msvc@1.32.0:
    optional: true

  lightningcss@1.32.0:
    dependencies:
      detect-libc: 2.1.2
    optionalDependencies:
      lightningcss-android-arm64: 1.32.0
      lightningcss-darwin-arm64: 1.32.0
      lightningcss-darwin-x64: 1.32.0
      lightningcss-freebsd-x64: 1.32.0
      lightningcss-linux-arm-gnueabihf: 1.32.0
      lightningcss-linux-arm64-gnu: 1.32.0
      lightningcss-linux-arm64-musl: 1.32.0
      lightningcss-linux-x64-gnu: 1.32.0
      lightningcss-linux-x64-musl: 1.32.0
      lightningcss-win32-arm64-msvc: 1.32.0
      lightningcss-win32-x64-msvc: 1.32.0

  nanoid@3.3.16: {}

  obug@2.1.1: {}

  pathe@2.0.3: {}

  picocolors@1.1.1: {}

  picomatch@4.0.3: {}

  picomatch@4.0.5: {}

  postcss@8.5.20:
    dependencies:
      nanoid: 3.3.16
      picocolors: 1.1.1
      source-map-js: 1.2.1

  quansync@1.0.0: {}

  resolve-pkg-maps@1.0.0: {}

  rolldown-plugin-dts@0.21.0(rolldown@1.0.0-beta.59)(typescript@5.9.3):
    dependencies:
      '@babel/generator': 7.28.6
      '@babel/parser': 7.28.6
      '@babel/types': 7.28.6
      ast-kit: 2.2.0
      birpc: 4.0.0
      dts-resolver: 2.1.3
      get-tsconfig: 4.13.0
      obug: 2.1.1
      rolldown: 1.0.0-beta.59
    optionalDependencies:
      typescript: 5.9.3
    transitivePeerDependencies:
      - oxc-resolver

  rolldown@1.0.0-beta.59:
    dependencies:
      '@oxc-project/types': 0.107.0
      '@rolldown/pluginutils': 1.0.0-beta.59
    optionalDependencies:
      '@rolldown/binding-android-arm64': 1.0.0-beta.59
      '@rolldown/binding-darwin-arm64': 1.0.0-beta.59
      '@rolldown/binding-darwin-x64': 1.0.0-beta.59
      '@rolldown/binding-freebsd-x64': 1.0.0-beta.59
      '@rolldown/binding-linux-arm-gnueabihf': 1.0.0-beta.59
      '@rolldown/binding-linux-arm64-gnu': 1.0.0-beta.59
      '@rolldown/binding-linux-arm64-musl': 1.0.0-beta.59
      '@rolldown/binding-linux-x64-gnu': 1.0.0-beta.59
      '@rolldown/binding-linux-x64-musl': 1.0.0-beta.59
      '@rolldown/binding-openharmony-arm64': 1.0.0-beta.59
      '@rolldown/binding-wasm32-wasi': 1.0.0-beta.59
      '@rolldown/binding-win32-arm64-msvc': 1.0.0-beta.59
      '@rolldown/binding-win32-x64-msvc': 1.0.0-beta.59

  rolldown@1.1.5:
    dependencies:
      '@oxc-project/types': 0.139.0
      '@rolldown/pluginutils': 1.0.1
    optionalDependencies:
      '@rolldown/binding-android-arm64': 1.1.5
      '@rolldown/binding-darwin-arm64': 1.1.5
      '@rolldown/binding-darwin-x64': 1.1.5
      '@rolldown/binding-freebsd-x64': 1.1.5
      '@rolldown/binding-linux-arm-gnueabihf': 1.1.5
      '@rolldown/binding-linux-arm64-gnu': 1.1.5
      '@rolldown/binding-linux-arm64-musl': 1.1.5
      '@rolldown/binding-linux-ppc64-gnu': 1.1.5
      '@rolldown/binding-linux-s390x-gnu': 1.1.5
      '@rolldown/binding-linux-x64-gnu': 1.1.5
      '@rolldown/binding-linux-x64-musl': 1.1.5
      '@rolldown/binding-openharmony-arm64': 1.1.5
      '@rolldown/binding-wasm32-wasi': 1.1.5
      '@rolldown/binding-win32-arm64-msvc': 1.1.5
      '@rolldown/binding-win32-x64-msvc': 1.1.5

  semver@7.7.3: {}

  source-map-js@1.2.1: {}

  tinyexec@1.0.2: {}

  tinyglobby@0.2.15:
    dependencies:
      fdir: 6.5.0(picomatch@4.0.3)
      picomatch: 4.0.3

  tinyglobby@0.2.17:
    dependencies:
      fdir: 6.5.0(picomatch@4.0.5)
      picomatch: 4.0.5

  tree-kill@1.2.2: {}

  tsdown@0.20.0-beta.1(typescript@5.9.3):
    dependencies:
      ansis: 4.2.0
      cac: 6.7.14
      defu: 6.1.4
      empathic: 2.0.0
      hookable: 6.0.1
      import-without-cache: 0.2.5
      obug: 2.1.1
      picomatch: 4.0.3
      rolldown: 1.0.0-beta.59
      rolldown-plugin-dts: 0.21.0(rolldown@1.0.0-beta.59)(typescript@5.9.3)
      semver: 7.7.3
      tinyexec: 1.0.2
      tinyglobby: 0.2.15
      tree-kill: 1.2.2
      unconfig-core: 7.4.2
      unrun: 0.2.24
    optionalDependencies:
      typescript: 5.9.3
    transitivePeerDependencies:
      - '@ts-macro/tsc'
      - '@typescript/native-preview'
      - oxc-resolver
      - synckit
      - vue-tsc

  tslib@2.8.1:
    optional: true

  typescript@5.9.3: {}

  unconfig-core@7.4.2:
    dependencies:
      '@quansync/fs': 1.0.0
      quansync: 1.0.0

  undici-types@6.21.0: {}

  unrun@0.2.24:
    dependencies:
      rolldown: 1.0.0-beta.59

  vite@8.1.5(@types/node@22.19.1):
    dependencies:
      lightningcss: 1.32.0
      picomatch: 4.0.5
      postcss: 8.5.20
      rolldown: 1.1.5
      tinyglobby: 0.2.17
    optionalDependencies:
      '@types/node': 22.19.1
      fsevents: 2.3.3
